
Microsoft Visual Studio Solution File, Format Version 12.00
# Visual Studio Version 16
VisualStudioVersion = 16.0.32002.261
MinimumVisualStudioVersion = 10.0.40219.1
Project("{FAE04EC0-301F-11D3-BF4B-00C04F79EFBC}") = "SupermercadoLibrary", "Library\SupermercadoLibrary.csproj", "{79BC00B5-81EC-4773-B2C0-03C7278EAB45}"
EndProject
Project("{FAE04EC0-301F-11D3-BF4B-00C04F79EFBC}") = "SupermercadoForm", "Form\SupermercadoForm.csproj", "{6D17A570-01F1-41E5-AD81-0403B87FC531}"
EndProject
Global
	GlobalSection(SolutionConfigurationPlatforms) = preSolution
		Debug|Any CPU = Debug|Any CPU
		Release|Any CPU = Release|Any CPU
	EndGlobalSection
	GlobalSection(ProjectConfigurationPlatforms) = postSolution
		{79BC00B5-81EC-4773-B2C0-03C7278EAB45}.Debug|Any CPU.ActiveCfg = Debug|Any CPU
		{79BC00B5-81EC-4773-B2C0-03C7278EAB45}.Debug|Any CPU.Build.0 = Debug|Any CPU
		{79BC00B5-81EC-4773-B2C0-03C7278EAB45}.Release|Any CPU.ActiveCfg = Release|Any CPU
		{79BC00B5-81EC-4773-B2C0-03C7278EAB45}.Release|Any CPU.Build.0 = Release|Any CPU
		{6D17A570-01F1-41E5-AD81-0403B87FC531}.Debug|Any CPU.ActiveCfg = Debug|Any CPU
		{6D17A570-01F1-41E5-AD81-0403B87FC531}.Debug|Any CPU.Build.0 = Debug|Any CPU
		{6D17A570-01F1-41E5-AD81-0403B87FC531}.Release|Any CPU.ActiveCfg = Release|Any CPU
		{6D17A570-01F1-41E5-AD81-0403B87FC531}.Release|Any CPU.Build.0 = Release|Any CPU
	EndGlobalSection
	GlobalSection(SolutionProperties) = preSolution
		HideSolutionNode = FALSE
	EndGlobalSection
	GlobalSection(ExtensibilityGlobals) = postSolution
		SolutionGuid = {CF516280-5E5F-47FE-80CA-97BD5DC72514}
	EndGlobalSection
EndGlobal
